
Microsoft Visual Studio Solution File, Format Version 12.00
# Visual Studio Version 16
VisualStudioVersion = 16.0.29613.14
MinimumVisualStudioVersion = 15.0.26124.0
Project("{9A19103F-16F7-4668-BE54-9A1E7A4F7556}") = "Common", "Common\Common.csproj", "{05595B7C-D8C7-43E5-BD1F-A3B7F21D8826}"
EndProject
Project("{9A19103F-16F7-4668-BE54-9A1E7A4F7556}") = "Tests", "Tests\Tests.csproj", "{8E803C18-74C2-46C0-B79D-CED02E69D5EE}"
EndProject
Global
	GlobalSection(SolutionConfigurationPlatforms) = preSolution
		Debug|Any CPU = Debug|Any CPU
		Debug|x64 = Debug|x64
		Debug|x86 = Debug|x86
		Release|Any CPU = Release|Any CPU
		Release|x64 = Release|x64
		Release|x86 = Release|x86
	EndGlobalSection
	GlobalSection(ProjectConfigurationPlatforms) = postSolution
		{05595B7C-D8C7-43E5-BD1F-A3B7F21D8826}.Debug|Any CPU.ActiveCfg = Debug|Any CPU
		{05595B7C-D8C7-43E5-BD1F-A3B7F21D8826}.Debug|Any CPU.Build.0 = Debug|Any CPU
		{05595B7C-D8C7-43E5-BD1F-A3B7F21D8826}.Debug|x64.ActiveCfg = Debug|Any CPU
		{05595B7C-D8C7-43E5-BD1F-A3B7F21D8826}.Debug|x64.Build.0 = Debug|Any CPU
		{05595B7C-D8C7-43E5-BD1F-A3B7F21D8826}.Debug|x86.ActiveCfg = Debug|Any CPU
		{05595B7C-D8C7-43E5-BD1F-A3B7F21D8826}.Debug|x86.Build.0 = Debug|Any CPU
		{05595B7C-D8C7-43E5-BD1F-A3B7F21D8826}.Release|Any CPU.ActiveCfg = Release|Any CPU
		{05595B7C-D8C7-43E5-BD1F-A3B7F21D8826}.Release|Any CPU.Build.0 = Release|Any CPU
		{05595B7C-D8C7-43E5-BD1F-A3B7F21D8826}.Release|x64.ActiveCfg = Release|Any CPU
		{05595B7C-D8C7-43E5-BD1F-A3B7F21D8826}.Release|x64.Build.0 = Release|Any CPU
		{05595B7C-D8C7-43E5-BD1F-A3B7F21D8826}.Release|x86.ActiveCfg = Release|Any CPU
		{05595B7C-D8C7-43E5-BD1F-A3B7F21D8826}.Release|x86.Build.0 = Release|Any CPU
		{8E803C18-74C2-46C0-B79D-CED02E69D5EE}.Debug|Any CPU.ActiveCfg = Debug|Any CPU
		{8E803C18-74C2-46C0-B79D-CED02E69D5EE}.Debug|Any CPU.Build.0 = Debug|Any CPU
		{8E803C18-74C2-46C0-B79D-CED02E69D5EE}.Debug|x64.ActiveCfg = Debug|Any CPU
		{8E803C18-74C2-46C0-B79D-CED02E69D5EE}.Debug|x64.Build.0 = Debug|Any CPU
		{8E803C18-74C2-46C0-B79D-CED02E69D5EE}.Debug|x86.ActiveCfg = Debug|Any CPU
		{8E803C18-74C2-46C0-B79D-CED02E69D5EE}.Debug|x86.Build.0 = Debug|Any CPU
		{8E803C18-74C2-46C0-B79D-CED02E69D5EE}.Release|Any CPU.ActiveCfg = Release|Any CPU
		{8E803C18-74C2-46C0-B79D-CED02E69D5EE}.Release|Any CPU.Build.0 = Release|Any CPU
		{8E803C18-74C2-46C0-B79D-CED02E69D5EE}.Release|x64.ActiveCfg = Release|Any CPU
		{8E803C18-74C2-46C0-B79D-CED02E69D5EE}.Release|x64.Build.0 = Release|Any CPU
		{8E803C18-74C2-46C0-B79D-CED02E69D5EE}.Release|x86.ActiveCfg = Release|Any CPU
		{8E803C18-74C2-46C0-B79D-CED02E69D5EE}.Release|x86.Build.0 = Release|Any CPU
	EndGlobalSection
	GlobalSection(SolutionProperties) = preSolution
		HideSolutionNode = FALSE
	EndGlobalSection
	GlobalSection(ExtensibilityGlobals) = postSolution
		SolutionGuid = {BC51B219-69AD-4B94-874A-7D46D3597765}
	EndGlobalSection
EndGlobal
